
Microsoft Visual Studio Solution File, Format Version 12.00
# Visual Studio Version 16
VisualStudioVersion = 16.0.31911.196
MinimumVisualStudioVersion = 10.0.40219.1
Project("{FAE04EC0-301F-11D3-BF4B-00C04F79EFBC}") = "ServerCodeRest_104_EkaNovaPramudya", "ServerCodeRest_104_EkaNovaPramudya\ServerCodeRest_104_EkaNovaPramudya.csproj", "{943EF463-BED7-4547-BA09-8CEC1106820B}"
EndProject
Global
	GlobalSection(SolutionConfigurationPlatforms) = preSolution
		Debug|Any CPU = Debug|Any CPU
		Release|Any CPU = Release|Any CPU
	EndGlobalSection
	GlobalSection(ProjectConfigurationPlatforms) = postSolution
		{943EF463-BED7-4547-BA09-8CEC1106820B}.Debug|Any CPU.ActiveCfg = Debug|Any CPU
		{943EF463-BED7-4547-BA09-8CEC1106820B}.Debug|Any CPU.Build.0 = Debug|Any CPU
		{943EF463-BED7-4547-BA09-8CEC1106820B}.Release|Any CPU.ActiveCfg = Release|Any CPU
		{943EF463-BED7-4547-BA09-8CEC1106820B}.Release|Any CPU.Build.0 = Release|Any CPU
	EndGlobalSection
	GlobalSection(SolutionProperties) = preSolution
		HideSolutionNode = FALSE
	EndGlobalSection
	GlobalSection(ExtensibilityGlobals) = postSolution
		SolutionGuid = {63797C4C-CC25-4C5A-8961-1BC4F2002B89}
	EndGlobalSection
EndGlobal
